
Microsoft Visual Studio Solution File, Format Version 12.00
# Visual Studio 2012
Project("{FAE04EC0-301F-11D3-BF4B-00C04F79EFBC}") = "ejercicio2", "ejercicio2\ejercicio2.csproj", "{DEAA0EA5-0835-4C3A-9165-D30E2AC00896}"
EndProject
Global
	GlobalSection(SolutionConfigurationPlatforms) = preSolution
		Debug|Any CPU = Debug|Any CPU
		Release|Any CPU = Release|Any CPU
	EndGlobalSection
	GlobalSection(ProjectConfigurationPlatforms) = postSolution
		{DEAA0EA5-0835-4C3A-9165-D30E2AC00896}.Debug|Any CPU.ActiveCfg = Debug|Any CPU
		{DEAA0EA5-0835-4C3A-9165-D30E2AC00896}.Debug|Any CPU.Build.0 = Debug|Any CPU
		{DEAA0EA5-0835-4C3A-9165-D30E2AC00896}.Release|Any CPU.ActiveCfg = Release|Any CPU
		{DEAA0EA5-0835-4C3A-9165-D30E2AC00896}.Release|Any CPU.Build.0 = Release|Any CPU
	EndGlobalSection
	GlobalSection(SolutionProperties) = preSolution
		HideSolutionNode = FALSE
	EndGlobalSection
EndGlobal
