
Microsoft Visual Studio Solution File, Format Version 12.00
# Visual Studio 2012
Project("{FAE04EC0-301F-11D3-BF4B-00C04F79EFBC}") = "ejercicio3", "ejercicio3\ejercicio3.csproj", "{815E15F6-36CF-4DC4-8BB1-3C3C3E20187F}"
EndProject
Global
	GlobalSection(SolutionConfigurationPlatforms) = preSolution
		Debug|Any CPU = Debug|Any CPU
		Release|Any CPU = Release|Any CPU
	EndGlobalSection
	GlobalSection(ProjectConfigurationPlatforms) = postSolution
		{815E15F6-36CF-4DC4-8BB1-3C3C3E20187F}.Debug|Any CPU.ActiveCfg = Debug|Any CPU
		{815E15F6-36CF-4DC4-8BB1-3C3C3E20187F}.Debug|Any CPU.Build.0 = Debug|Any CPU
		{815E15F6-36CF-4DC4-8BB1-3C3C3E20187F}.Release|Any CPU.ActiveCfg = Release|Any CPU
		{815E15F6-36CF-4DC4-8BB1-3C3C3E20187F}.Release|Any CPU.Build.0 = Release|Any CPU
	EndGlobalSection
	GlobalSection(SolutionProperties) = preSolution
		HideSolutionNode = FALSE
	EndGlobalSection
EndGlobal
